
Microsoft Visual Studio Solution File, Format Version 12.00
# Visual Studio 15
VisualStudioVersion = 15.0.26124.0
MinimumVisualStudioVersion = 15.0.26124.0
Project("{2150E333-8FDC-42A3-9474-1A3956D46DE8}") = "src", "src", "{0EE93E27-F597-449C-910A-3B23740ECD57}"
EndProject
Project("{FAE04EC0-301F-11D3-BF4B-00C04F79EFBC}") = "GradeBook", "src\GradeBook\GradeBook.csproj", "{A2B57DF3-FBF6-4B82-95E0-C3BF61490334}"
EndProject
Project("{2150E333-8FDC-42A3-9474-1A3956D46DE8}") = "test", "test", "{4AE8FD61-D556-4357-B27F-B77FCA349411}"
EndProject
Project("{FAE04EC0-301F-11D3-BF4B-00C04F79EFBC}") = "GradeBook.Tests", "test\GradeBook.Tests\GradeBook.Tests.csproj", "{0BDD6536-8F97-47A0-9CD3-CA54C71353D2}"
EndProject
Global
	GlobalSection(SolutionConfigurationPlatforms) = preSolution
		Debug|Any CPU = Debug|Any CPU
		Debug|x64 = Debug|x64
		Debug|x86 = Debug|x86
		Release|Any CPU = Release|Any CPU
		Release|x64 = Release|x64
		Release|x86 = Release|x86
	EndGlobalSection
	GlobalSection(SolutionProperties) = preSolution
		HideSolutionNode = FALSE
	EndGlobalSection
	GlobalSection(ProjectConfigurationPlatforms) = postSolution
		{A2B57DF3-FBF6-4B82-95E0-C3BF61490334}.Debug|Any CPU.ActiveCfg = Debug|Any CPU
		{A2B57DF3-FBF6-4B82-95E0-C3BF61490334}.Debug|Any CPU.Build.0 = Debug|Any CPU
		{A2B57DF3-FBF6-4B82-95E0-C3BF61490334}.Debug|x64.ActiveCfg = Debug|Any CPU
		{A2B57DF3-FBF6-4B82-95E0-C3BF61490334}.Debug|x64.Build.0 = Debug|Any CPU
		{A2B57DF3-FBF6-4B82-95E0-C3BF61490334}.Debug|x86.ActiveCfg = Debug|Any CPU
		{A2B57DF3-FBF6-4B82-95E0-C3BF61490334}.Debug|x86.Build.0 = Debug|Any CPU
		{A2B57DF3-FBF6-4B82-95E0-C3BF61490334}.Release|Any CPU.ActiveCfg = Release|Any CPU
		{A2B57DF3-FBF6-4B82-95E0-C3BF61490334}.Release|Any CPU.Build.0 = Release|Any CPU
		{A2B57DF3-FBF6-4B82-95E0-C3BF61490334}.Release|x64.ActiveCfg = Release|Any CPU
		{A2B57DF3-FBF6-4B82-95E0-C3BF61490334}.Release|x64.Build.0 = Release|Any CPU
		{A2B57DF3-FBF6-4B82-95E0-C3BF61490334}.Release|x86.ActiveCfg = Release|Any CPU
		{A2B57DF3-FBF6-4B82-95E0-C3BF61490334}.Release|x86.Build.0 = Release|Any CPU
		{0BDD6536-8F97-47A0-9CD3-CA54C71353D2}.Debug|Any CPU.ActiveCfg = Debug|Any CPU
		{0BDD6536-8F97-47A0-9CD3-CA54C71353D2}.Debug|Any CPU.Build.0 = Debug|Any CPU
		{0BDD6536-8F97-47A0-9CD3-CA54C71353D2}.Debug|x64.ActiveCfg = Debug|Any CPU
		{0BDD6536-8F97-47A0-9CD3-CA54C71353D2}.Debug|x64.Build.0 = Debug|Any CPU
		{0BDD6536-8F97-47A0-9CD3-CA54C71353D2}.Debug|x86.ActiveCfg = Debug|Any CPU
		{0BDD6536-8F97-47A0-9CD3-CA54C71353D2}.Debug|x86.Build.0 = Debug|Any CPU
		{0BDD6536-8F97-47A0-9CD3-CA54C71353D2}.Release|Any CPU.ActiveCfg = Release|Any CPU
		{0BDD6536-8F97-47A0-9CD3-CA54C71353D2}.Release|Any CPU.Build.0 = Release|Any CPU
		{0BDD6536-8F97-47A0-9CD3-CA54C71353D2}.Release|x64.ActiveCfg = Release|Any CPU
		{0BDD6536-8F97-47A0-9CD3-CA54C71353D2}.Release|x64.Build.0 = Release|Any CPU
		{0BDD6536-8F97-47A0-9CD3-CA54C71353D2}.Release|x86.ActiveCfg = Release|Any CPU
		{0BDD6536-8F97-47A0-9CD3-CA54C71353D2}.Release|x86.Build.0 = Release|Any CPU
	EndGlobalSection
	GlobalSection(NestedProjects) = preSolution
		{A2B57DF3-FBF6-4B82-95E0-C3BF61490334} = {0EE93E27-F597-449C-910A-3B23740ECD57}
		{0BDD6536-8F97-47A0-9CD3-CA54C71353D2} = {4AE8FD61-D556-4357-B27F-B77FCA349411}
	EndGlobalSection
EndGlobal
