
Microsoft Visual Studio Solution File, Format Version 12.00
# Visual Studio Version 16
VisualStudioVersion = 16.0.29215.179
MinimumVisualStudioVersion = 10.0.40219.1
Project("{9A19103F-16F7-4668-BE54-9A1E7A4F7556}") = "GradeBook.Tests", "GradeBook.Tests.csproj", "{1402DB26-7C62-4F7F-8A01-49FCE8308487}"
EndProject
Global
	GlobalSection(SolutionConfigurationPlatforms) = preSolution
		Debug|Any CPU = Debug|Any CPU
		Release|Any CPU = Release|Any CPU
	EndGlobalSection
	GlobalSection(ProjectConfigurationPlatforms) = postSolution
		{1402DB26-7C62-4F7F-8A01-49FCE8308487}.Debug|Any CPU.ActiveCfg = Debug|Any CPU
		{1402DB26-7C62-4F7F-8A01-49FCE8308487}.Debug|Any CPU.Build.0 = Debug|Any CPU
		{1402DB26-7C62-4F7F-8A01-49FCE8308487}.Release|Any CPU.ActiveCfg = Release|Any CPU
		{1402DB26-7C62-4F7F-8A01-49FCE8308487}.Release|Any CPU.Build.0 = Release|Any CPU
	EndGlobalSection
	GlobalSection(SolutionProperties) = preSolution
		HideSolutionNode = FALSE
	EndGlobalSection
	GlobalSection(ExtensibilityGlobals) = postSolution
		SolutionGuid = {63F84672-5F0B-498A-8E71-EE42BE8564BA}
	EndGlobalSection
EndGlobal
